{
  "name": "03-test",
  "version": "1.0.0",
  "lockfileVersion": 1,
  "requires": true,
  "dependencies": {
    "lodash": {
      "version": "4.17.21",
      "resolved": "https://registry.npmjs.org/lodash/-/lodash-4.17.21.tgz",
      "integrity": "sha512-v2kDEe57lecTulaDIuNTPy3Ry4gLGJ6Z1O3vE1krgXZNrsQ+LFTGHVxVjcXPs17LhbZVGedAJv8XZ1tvj5FvSg=="
    },
    "webpack-numbers-test-ccczzzjjj": {
      "version": "1.0.2",
      "resolved": "https://registry.npmjs.org/webpack-numbers-test-ccczzzjjj/-/webpack-numbers-test-ccczzzjjj-1.0.2.tgz",
      "integrity": "sha512-KuKLfWvod0xlCoM8uV8MPCh0EZA8sa0lGoz5UA4jH6MwGVvFSeLII2Yuy5b3XEmG9LjxFyOyInBWKYX7EuouIA=="
    }
  }
}
